lockfileVersion: '9.0'

settings:
  autoInstallPeers: true
  excludeLinksFromLockfile: false

importers:

  .:
    devDependencies:
      elm:
        specifier: 0.19.1-6
        version: 0.19.1-6
      typescript:
        specifier: ^5.9.3
        version: 5.9.3

packages:

  '@elm_binaries/darwin_arm64@0.19.1-0':
    resolution: {integrity: sha512-mjbsH7BNHEAmoE2SCJFcfk5fIHwFIpxtSgnEAqMsVLpBUFoEtAeX+LQ+N0vSFJB3WAh73+QYx/xSluxxLcL6dA==}
    cpu: [arm64]
    os: [darwin]

  '@elm_binaries/darwin_x64@0.19.1-0':
    resolution: {integrity: sha512-QGUtrZTPBzaxgi9al6nr+9313wrnUVHuijzUK39UsPS+pa+n6CmWyV/69sHZeX9qy6UfeugE0PzF3qcUiy2GDQ==}
    cpu: [x64]
    os: [darwin]

  '@elm_binaries/linux_x64@0.19.1-0':
    resolution: {integrity: sha512-T1ZrWVhg2kKAsi8caOd3vp/1A3e21VuCpSG63x8rDie50fHbCytTway9B8WHEdnBFv4mYWiA68dzGxYCiFmU2w==}
    cpu: [x64]
    os: [linux]

  '@elm_binaries/win32_x64@0.19.1-0':
    resolution: {integrity: sha512-yDleiXqSE9EcqKtd9SkC/4RIW8I71YsXzMPL79ub2bBPHjWTcoyyeBbYjoOB9SxSlArJ74HaoBApzT6hY7Zobg==}
    cpu: [x64]
    os: [win32]

  elm@0.19.1-6:
    resolution: {integrity: sha512-mKYyierHICPdMx/vhiIacdPmTPnh889gjHOZ75ZAoCxo3lZmSWbGP8HMw78wyctJH0HwvTmeKhlYSWboQNYPeQ==}
    engines: {node: '>=7.0.0'}
    hasBin: true

  typescript@5.9.3:
    resolution: {integrity: sha512-jl1vZzPDinLr9eUt3J/t7V6FgNEw9QjvBPdysz9KfQDD41fQrC2Y4vKQdiaUpFT4bXlb1RHhLpp8wtm6M5TgSw==}
    engines: {node: '>=14.17'}
    hasBin: true

snapshots:

  '@elm_binaries/darwin_arm64@0.19.1-0':
    optional: true

  '@elm_binaries/darwin_x64@0.19.1-0':
    optional: true

  '@elm_binaries/linux_x64@0.19.1-0':
    optional: true

  '@elm_binaries/win32_x64@0.19.1-0':
    optional: true

  elm@0.19.1-6:
    optionalDependencies:
      '@elm_binaries/darwin_arm64': 0.19.1-0
      '@elm_binaries/darwin_x64': 0.19.1-0
      '@elm_binaries/linux_x64': 0.19.1-0
      '@elm_binaries/win32_x64': 0.19.1-0

  typescript@5.9.3: {}
